
Microsoft Visual Studio Solution File, Format Version 12.00
# Visual Studio 15
VisualStudioVersion = 15.0.26730.3
MinimumVisualStudioVersion = 10.0.40219.1
Project("{FAE04EC0-301F-11D3-BF4B-00C04F79EFBC}") = "Dapper.UnitOfWork", "Dapper.UnitOfWork\Dapper.UnitOfWork.csproj", "{5A91A0BF-98AD-45B9-9EAF-98BCAA085266}"
EndProject
Project("{FAE04EC0-301F-11D3-BF4B-00C04F79EFBC}") = "Dapper.UnitOfWork.Example", "Dapper.UnitOfWork.Example\Dapper.UnitOfWork.Example.csproj", "{4BA82F13-21B7-425E-9C98-520DDA0A8A11}"
EndProject
Global
	GlobalSection(SolutionConfigurationPlatforms) = preSolution
		Debug|Any CPU = Debug|Any CPU
		Release|Any CPU = Release|Any CPU
	EndGlobalSection
	GlobalSection(ProjectConfigurationPlatforms) = postSolution
		{5A91A0BF-98AD-45B9-9EAF-98BCAA085266}.Debug|Any CPU.ActiveCfg = Debug|Any CPU
		{5A91A0BF-98AD-45B9-9EAF-98BCAA085266}.Debug|Any CPU.Build.0 = Debug|Any CPU
		{5A91A0BF-98AD-45B9-9EAF-98BCAA085266}.Release|Any CPU.ActiveCfg = Release|Any CPU
		{5A91A0BF-98AD-45B9-9EAF-98BCAA085266}.Release|Any CPU.Build.0 = Release|Any CPU
		{4BA82F13-21B7-425E-9C98-520DDA0A8A11}.Debug|Any CPU.ActiveCfg = Debug|Any CPU
		{4BA82F13-21B7-425E-9C98-520DDA0A8A11}.Debug|Any CPU.Build.0 = Debug|Any CPU
		{4BA82F13-21B7-425E-9C98-520DDA0A8A11}.Release|Any CPU.ActiveCfg = Release|Any CPU
		{4BA82F13-21B7-425E-9C98-520DDA0A8A11}.Release|Any CPU.Build.0 = Release|Any CPU
	EndGlobalSection
	GlobalSection(SolutionProperties) = preSolution
		HideSolutionNode = FALSE
	EndGlobalSection
	GlobalSection(ExtensibilityGlobals) = postSolution
		SolutionGuid = {64E13998-2C42-4845-B12A-5A9131928BCB}
	EndGlobalSection
EndGlobal
